
Microsoft Visual Studio Solution File, Format Version 12.00
# Visual Studio Version 17
VisualStudioVersion = 17.6.33815.320
MinimumVisualStudioVersion = 10.0.40219.1
Project("{FAE04EC0-301F-11D3-BF4B-00C04F79EFBC}") = "Module3HW4", "Module3HW4.csproj", "{F2FAC81C-04DE-4DAF-B0C1-768D4A1856CD}"
EndProject
Global
	GlobalSection(SolutionConfigurationPlatforms) = preSolution
		Debug|Any CPU = Debug|Any CPU
		Release|Any CPU = Release|Any CPU
	EndGlobalSection
	GlobalSection(ProjectConfigurationPlatforms) = postSolution
		{F2FAC81C-04DE-4DAF-B0C1-768D4A1856CD}.Debug|Any CPU.ActiveCfg = Debug|Any CPU
		{F2FAC81C-04DE-4DAF-B0C1-768D4A1856CD}.Debug|Any CPU.Build.0 = Debug|Any CPU
		{F2FAC81C-04DE-4DAF-B0C1-768D4A1856CD}.Release|Any CPU.ActiveCfg = Release|Any CPU
		{F2FAC81C-04DE-4DAF-B0C1-768D4A1856CD}.Release|Any CPU.Build.0 = Release|Any CPU
	EndGlobalSection
	GlobalSection(SolutionProperties) = preSolution
		HideSolutionNode = FALSE
	EndGlobalSection
	GlobalSection(ExtensibilityGlobals) = postSolution
		SolutionGuid = {4AB5E87A-1F98-4C6F-90E7-D9062B3F6DE3}
	EndGlobalSection
EndGlobal
